
Microsoft Visual Studio Solution File, Format Version 12.00
# Visual Studio Version 17
VisualStudioVersion = 17.0.32112.339
MinimumVisualStudioVersion = 10.0.40219.1
Project("{9A19103F-16F7-4668-BE54-9A1E7A4F7556}") = "ServiceRegistory.Api", "ServiceRegistory.Api\ServiceRegistory.Api.csproj", "{3434CFE5-B03A-48C5-BD1C-FDF18A12C324}"
EndProject
Project("{9A19103F-16F7-4668-BE54-9A1E7A4F7556}") = "DiscoveryService.Business", "DiscoveryService.Business\DiscoveryService.Business.csproj", "{CCA87AA7-C1DD-419F-BD63-D65F751D37B7}"
EndProject
Project("{9A19103F-16F7-4668-BE54-9A1E7A4F7556}") = "DiscoveryService.Test", "DiscoveryService.Test\DiscoveryService.Test.csproj", "{D4428C50-A928-4D80-853E-54F8288039E7}"
EndProject
Project("{9A19103F-16F7-4668-BE54-9A1E7A4F7556}") = "DiscoveryService.Entity", "DiscoveryService.Entity\DiscoveryService.Entity.csproj", "{6556D27F-190F-4841-9499-10A1564569B2}"
EndProject
Project("{00D1A9C2-B5F0-4AF3-8072-F6C62B433612}") = "DiscoveryService.Data", "DiscoveryService.Data\DiscoveryService.Data.sqlproj", "{2680C355-B186-4F4E-B8A3-6FCA9B9559C5}"
EndProject
Project("{2150E333-8FDC-42A3-9474-1A3956D46DE8}") = "Solution Items", "Solution Items", "{A6F78856-EB29-44F6-AF87-D4F5F2006FF8}"
	ProjectSection(SolutionItems) = preProject
		ToDo.txt = ToDo.txt
	EndProjectSection
EndProject
Project("{9A19103F-16F7-4668-BE54-9A1E7A4F7556}") = "DiscoveryService.Models", "Models\DiscoveryService.Models.csproj", "{7ADAAD1B-B2B1-41EF-B4E3-FC1D33B64965}"
EndProject
Project("{9A19103F-16F7-4668-BE54-9A1E7A4F7556}") = "DiscoveryService.EntityAcceess", "DiscoveryService.EntityAcceess\DiscoveryService.EntityAcceess.csproj", "{DDD1C2BD-3EA2-4CC1-842A-36AD78667AEE}"
EndProject
Project("{2150E333-8FDC-42A3-9474-1A3956D46DE8}") = "Dlls", "Dlls", "{6DA7D8AF-F9D5-46C0-AD6D-5627ACFAFE58}"
	ProjectSection(SolutionItems) = preProject
		Dlls\HttpRequestWrapper.dll = Dlls\HttpRequestWrapper.dll
	EndProjectSection
EndProject
Project("{FAE04EC0-301F-11D3-BF4B-00C04F79EFBC}") = "DiscoveryService.Client", "DiscoveryService.Client\DiscoveryService.Client.csproj", "{D9EFB6EF-C6E5-43DA-BCD0-1D79BAE21A50}"
EndProject
Global
	GlobalSection(SolutionConfigurationPlatforms) = preSolution
		Debug|Any CPU = Debug|Any CPU
		Release|Any CPU = Release|Any CPU
	EndGlobalSection
	GlobalSection(ProjectConfigurationPlatforms) = postSolution
		{3434CFE5-B03A-48C5-BD1C-FDF18A12C324}.Debug|Any CPU.ActiveCfg = Debug|Any CPU
		{3434CFE5-B03A-48C5-BD1C-FDF18A12C324}.Debug|Any CPU.Build.0 = Debug|Any CPU
		{3434CFE5-B03A-48C5-BD1C-FDF18A12C324}.Release|Any CPU.ActiveCfg = Release|Any CPU
		{3434CFE5-B03A-48C5-BD1C-FDF18A12C324}.Release|Any CPU.Build.0 = Release|Any CPU
		{CCA87AA7-C1DD-419F-BD63-D65F751D37B7}.Debug|Any CPU.ActiveCfg = Debug|Any CPU
		{CCA87AA7-C1DD-419F-BD63-D65F751D37B7}.Debug|Any CPU.Build.0 = Debug|Any CPU
		{CCA87AA7-C1DD-419F-BD63-D65F751D37B7}.Release|Any CPU.ActiveCfg = Release|Any CPU
		{CCA87AA7-C1DD-419F-BD63-D65F751D37B7}.Release|Any CPU.Build.0 = Release|Any CPU
		{D4428C50-A928-4D80-853E-54F8288039E7}.Debug|Any CPU.ActiveCfg = Debug|Any CPU
		{D4428C50-A928-4D80-853E-54F8288039E7}.Debug|Any CPU.Build.0 = Debug|Any CPU
		{D4428C50-A928-4D80-853E-54F8288039E7}.Release|Any CPU.ActiveCfg = Release|Any CPU
		{D4428C50-A928-4D80-853E-54F8288039E7}.Release|Any CPU.Build.0 = Release|Any CPU
		{6556D27F-190F-4841-9499-10A1564569B2}.Debug|Any CPU.ActiveCfg = Debug|Any CPU
		{6556D27F-190F-4841-9499-10A1564569B2}.Debug|Any CPU.Build.0 = Debug|Any CPU
		{6556D27F-190F-4841-9499-10A1564569B2}.Release|Any CPU.ActiveCfg = Release|Any CPU
		{6556D27F-190F-4841-9499-10A1564569B2}.Release|Any CPU.Build.0 = Release|Any CPU
		{2680C355-B186-4F4E-B8A3-6FCA9B9559C5}.Debug|Any CPU.ActiveCfg = Debug|Any CPU
		{2680C355-B186-4F4E-B8A3-6FCA9B9559C5}.Debug|Any CPU.Build.0 = Debug|Any CPU
		{2680C355-B186-4F4E-B8A3-6FCA9B9559C5}.Debug|Any CPU.Deploy.0 = Debug|Any CPU
		{2680C355-B186-4F4E-B8A3-6FCA9B9559C5}.Release|Any CPU.ActiveCfg = Release|Any CPU
		{2680C355-B186-4F4E-B8A3-6FCA9B9559C5}.Release|Any CPU.Build.0 = Release|Any CPU
		{2680C355-B186-4F4E-B8A3-6FCA9B9559C5}.Release|Any CPU.Deploy.0 = Release|Any CPU
		{7ADAAD1B-B2B1-41EF-B4E3-FC1D33B64965}.Debug|Any CPU.ActiveCfg = Debug|Any CPU
		{7ADAAD1B-B2B1-41EF-B4E3-FC1D33B64965}.Debug|Any CPU.Build.0 = Debug|Any CPU
		{7ADAAD1B-B2B1-41EF-B4E3-FC1D33B64965}.Release|Any CPU.ActiveCfg = Release|Any CPU
		{7ADAAD1B-B2B1-41EF-B4E3-FC1D33B64965}.Release|Any CPU.Build.0 = Release|Any CPU
		{DDD1C2BD-3EA2-4CC1-842A-36AD78667AEE}.Debug|Any CPU.ActiveCfg = Debug|Any CPU
		{DDD1C2BD-3EA2-4CC1-842A-36AD78667AEE}.Debug|Any CPU.Build.0 = Debug|Any CPU
		{DDD1C2BD-3EA2-4CC1-842A-36AD78667AEE}.Release|Any CPU.ActiveCfg = Release|Any CPU
		{DDD1C2BD-3EA2-4CC1-842A-36AD78667AEE}.Release|Any CPU.Build.0 = Release|Any CPU
		{D9EFB6EF-C6E5-43DA-BCD0-1D79BAE21A50}.Debug|Any CPU.ActiveCfg = Debug|Any CPU
		{D9EFB6EF-C6E5-43DA-BCD0-1D79BAE21A50}.Debug|Any CPU.Build.0 = Debug|Any CPU
		{D9EFB6EF-C6E5-43DA-BCD0-1D79BAE21A50}.Release|Any CPU.ActiveCfg = Release|Any CPU
		{D9EFB6EF-C6E5-43DA-BCD0-1D79BAE21A50}.Release|Any CPU.Build.0 = Release|Any CPU
	EndGlobalSection
	GlobalSection(SolutionProperties) = preSolution
		HideSolutionNode = FALSE
	EndGlobalSection
	GlobalSection(ExtensibilityGlobals) = postSolution
		SolutionGuid = {6F69FBA2-16F2-4EAE-AF2D-5BDC43AC2EC4}
	EndGlobalSection
EndGlobal
